
Microsoft Visual Studio Solution File, Format Version 11.00
# Visual Studio 2010
Project("{FAE04EC0-301F-11D3-BF4B-00C04F79EFBC}") = "web.coupon.net", "interface.coupon.net\web.coupon.net.csproj", "{74019D24-2824-4E7A-86E9-20183AEF847E}"
EndProject
Project("{2150E333-8FDC-42A3-9474-1A3956D46DE8}") = "Solution Items", "Solution Items", "{4E488FFC-2484-4AC8-AF67-AC44034B7916}"
	ProjectSection(SolutionItems) = preProject
		README = README
	EndProjectSection
EndProject
Project("{FAE04EC0-301F-11D3-BF4B-00C04F79EFBC}") = "entity.coupon.net", "entity.coupon.net\entity.coupon.net.csproj", "{4AAD3C42-305E-4E31-BA44-B53AAA42BC85}"
EndProject
Project("{FAE04EC0-301F-11D3-BF4B-00C04F79EFBC}") = "dataaccess.coupon.net", "dataaccess.coupon.net\dataaccess.coupon.net.csproj", "{94DA6328-3F2F-4906-A41D-43C3C9C19BF4}"
EndProject
Project("{FAE04EC0-301F-11D3-BF4B-00C04F79EFBC}") = "business.coupon.net", "business.coupon.net\business.coupon.net.csproj", "{D536BA3A-CA9B-4AD2-B750-2EC2A3FB0855}"
EndProject
Global
	GlobalSection(SolutionConfigurationPlatforms) = preSolution
		Debug|Any CPU = Debug|Any CPU
		Release|Any CPU = Release|Any CPU
	EndGlobalSection
	GlobalSection(ProjectConfigurationPlatforms) = postSolution
		{74019D24-2824-4E7A-86E9-20183AEF847E}.Debug|Any CPU.ActiveCfg = Debug|Any CPU
		{74019D24-2824-4E7A-86E9-20183AEF847E}.Debug|Any CPU.Build.0 = Debug|Any CPU
		{74019D24-2824-4E7A-86E9-20183AEF847E}.Release|Any CPU.ActiveCfg = Release|Any CPU
		{74019D24-2824-4E7A-86E9-20183AEF847E}.Release|Any CPU.Build.0 = Release|Any CPU
		{4AAD3C42-305E-4E31-BA44-B53AAA42BC85}.Debug|Any CPU.ActiveCfg = Debug|Any CPU
		{4AAD3C42-305E-4E31-BA44-B53AAA42BC85}.Debug|Any CPU.Build.0 = Debug|Any CPU
		{4AAD3C42-305E-4E31-BA44-B53AAA42BC85}.Release|Any CPU.ActiveCfg = Release|Any CPU
		{4AAD3C42-305E-4E31-BA44-B53AAA42BC85}.Release|Any CPU.Build.0 = Release|Any CPU
		{94DA6328-3F2F-4906-A41D-43C3C9C19BF4}.Debug|Any CPU.ActiveCfg = Debug|Any CPU
		{94DA6328-3F2F-4906-A41D-43C3C9C19BF4}.Debug|Any CPU.Build.0 = Debug|Any CPU
		{94DA6328-3F2F-4906-A41D-43C3C9C19BF4}.Release|Any CPU.ActiveCfg = Release|Any CPU
		{94DA6328-3F2F-4906-A41D-43C3C9C19BF4}.Release|Any CPU.Build.0 = Release|Any CPU
		{D536BA3A-CA9B-4AD2-B750-2EC2A3FB0855}.Debug|Any CPU.ActiveCfg = Debug|Any CPU
		{D536BA3A-CA9B-4AD2-B750-2EC2A3FB0855}.Debug|Any CPU.Build.0 = Debug|Any CPU
		{D536BA3A-CA9B-4AD2-B750-2EC2A3FB0855}.Release|Any CPU.ActiveCfg = Release|Any CPU
		{D536BA3A-CA9B-4AD2-B750-2EC2A3FB0855}.Release|Any CPU.Build.0 = Release|Any CPU
	EndGlobalSection
	GlobalSection(SolutionProperties) = preSolution
		HideSolutionNode = FALSE
	EndGlobalSection
EndGlobal
